
Microsoft Visual Studio Solution File, Format Version 11.00
# Visual Studio 2010
Project("{FAE04EC0-301F-11D3-BF4B-00C04F79EFBC}") = "pBlazeIDELists", "pBlazeIDELists\pBlazeIDELists.csproj", "{3AADCE3B-F9BF-4D0C-8C1C-164A592EB72A}"
EndProject
Project("{54435603-DBB4-11D2-8724-00A0C9A8B90C}") = "PSM File Parser", "PSM File Parser\PSM File Parser.vdproj", "{5360D2E5-37D3-4DA5-8DFB-0241FA9AA5A4}"
EndProject
Global
	GlobalSection(SourceCodeControl) = preSolution
		SccNumberOfProjects = 3
		SccLocalPath0 = .
		SccProjectUniqueName1 = pBlazeIDELists\\pBlazeIDELists.csproj
		SccLocalPath1 = .
		SccProjectFilePathRelativizedFromConnection1 = pBlazeIDELists\\
		SccProjectUniqueName2 = PSM\u0020File\u0020Parser\\PSM\u0020File\u0020Parser.vdproj
		SccLocalPath2 = .
		SccProjectFilePathRelativizedFromConnection2 = PSM\u0020File\u0020Parser\\
	EndGlobalSection
	GlobalSection(SolutionConfigurationPlatforms) = preSolution
		Debug|Any CPU = Debug|Any CPU
		Release|Any CPU = Release|Any CPU
	EndGlobalSection
	GlobalSection(ProjectConfigurationPlatforms) = postSolution
		{3AADCE3B-F9BF-4D0C-8C1C-164A592EB72A}.Debug|Any CPU.ActiveCfg = Debug|Any CPU
		{3AADCE3B-F9BF-4D0C-8C1C-164A592EB72A}.Debug|Any CPU.Build.0 = Debug|Any CPU
		{3AADCE3B-F9BF-4D0C-8C1C-164A592EB72A}.Release|Any CPU.ActiveCfg = Release|Any CPU
		{3AADCE3B-F9BF-4D0C-8C1C-164A592EB72A}.Release|Any CPU.Build.0 = Release|Any CPU
		{5360D2E5-37D3-4DA5-8DFB-0241FA9AA5A4}.Debug|Any CPU.ActiveCfg = Debug
		{5360D2E5-37D3-4DA5-8DFB-0241FA9AA5A4}.Release|Any CPU.ActiveCfg = Release
	EndGlobalSection
	GlobalSection(SolutionProperties) = preSolution
		HideSolutionNode = FALSE
	EndGlobalSection
EndGlobal
